
Microsoft Visual Studio Solution File, Format Version 12.00
# Visual Studio 14
VisualStudioVersion = 14.0.25420.1
MinimumVisualStudioVersion = 10.0.40219.1
Project("{9092AA53-FB77-4645-B42D-1CCCA6BD08BD}") = "app-quickstart", "app-quickstart\app-quickstart.njsproj", "{F4874CDD-3E5D-43AE-BB2C-E46B23A2386A}"
EndProject
Global
	GlobalSection(SolutionConfigurationPlatforms) = preSolution
		Debug|Any CPU = Debug|Any CPU
		Release|Any CPU = Release|Any CPU
	EndGlobalSection
	GlobalSection(ProjectConfigurationPlatforms) = postSolution
		{F4874CDD-3E5D-43AE-BB2C-E46B23A2386A}.Debug|Any CPU.ActiveCfg = Debug|Any CPU
		{F4874CDD-3E5D-43AE-BB2C-E46B23A2386A}.Debug|Any CPU.Build.0 = Debug|Any CPU
		{F4874CDD-3E5D-43AE-BB2C-E46B23A2386A}.Release|Any CPU.ActiveCfg = Release|Any CPU
		{F4874CDD-3E5D-43AE-BB2C-E46B23A2386A}.Release|Any CPU.Build.0 = Release|Any CPU
	EndGlobalSection
	GlobalSection(SolutionProperties) = preSolution
		HideSolutionNode = FALSE
	EndGlobalSection
EndGlobal
